
Microsoft Visual Studio Solution File, Format Version 12.00
# Visual Studio Version 17
VisualStudioVersion = 17.0.31903.59
MinimumVisualStudioVersion = 10.0.40219.1
Project("{2150E333-8FDC-42A3-9474-1A3956D46DE8}") = "src", "src", "{827E0CD3-B72D-47B6-A68D-7590B98EB39B}"
EndProject
Project("{FAE04EC0-301F-11D3-BF4B-00C04F79EFBC}") = "Subly.Api", "src\Subly.Api\Subly.Api.csproj", "{BFE0C1AE-7367-4C0B-A4C9-6BFB178F747A}"
EndProject
Project("{FAE04EC0-301F-11D3-BF4B-00C04F79EFBC}") = "Subly.Application", "src\Subly.Application\Subly.Application.csproj", "{6C2B7DDF-BB67-4AAD-9177-FD171C45AA69}"
EndProject
Project("{FAE04EC0-301F-11D3-BF4B-00C04F79EFBC}") = "Subly.Domain", "src\Subly.Domain\Subly.Domain.csproj", "{7DB1B8F2-0341-4164-A813-6459B30802B3}"
EndProject
Project("{FAE04EC0-301F-11D3-BF4B-00C04F79EFBC}") = "Subly.Infrastructure", "src\Subly.Infrastructure\Subly.Infrastructure.csproj", "{DAC9A123-33B8-4CCF-903E-4F094A528F5E}"
EndProject
Project("{2150E333-8FDC-42A3-9474-1A3956D46DE8}") = "tests", "tests", "{0AB3BF05-4346-4AA6-1389-037BE0695223}"
EndProject
Project("{FAE04EC0-301F-11D3-BF4B-00C04F79EFBC}") = "Subly.Application.Tests", "tests\Subly.Application.Tests\Subly.Application.Tests.csproj", "{585F2B57-B4F4-4FBC-BE2D-A392ABC962D4}"
EndProject
Project("{FAE04EC0-301F-11D3-BF4B-00C04F79EFBC}") = "Subly.Api.Tests", "tests\Subly.Api.Tests\Subly.Api.Tests.csproj", "{12C226CC-DE43-4C19-B605-6D3F6CE553C4}"
EndProject
Project("{FAE04EC0-301F-11D3-BF4B-00C04F79EFBC}") = "Subly.ServiceDefaults", "src\Subly.ServiceDefaults\Subly.ServiceDefaults.csproj", "{D0CAAAE2-84BA-469C-B9CA-77447FD95670}"
EndProject
Project("{FAE04EC0-301F-11D3-BF4B-00C04F79EFBC}") = "Subly.AppHost", "src\Subly.AppHost\Subly.AppHost.csproj", "{A6CF4A18-6A8A-4E4A-8E2E-4A5F6D0E9B71}"
EndProject
Global
	GlobalSection(SolutionConfigurationPlatforms) = preSolution
		Debug|Any CPU = Debug|Any CPU
		Debug|x64 = Debug|x64
		Debug|x86 = Debug|x86
		Release|Any CPU = Release|Any CPU
		Release|x64 = Release|x64
		Release|x86 = Release|x86
	EndGlobalSection
	GlobalSection(ProjectConfigurationPlatforms) = postSolution
		{BFE0C1AE-7367-4C0B-A4C9-6BFB178F747A}.Debug|Any CPU.ActiveCfg = Debug|Any CPU
		{BFE0C1AE-7367-4C0B-A4C9-6BFB178F747A}.Debug|Any CPU.Build.0 = Debug|Any CPU
		{BFE0C1AE-7367-4C0B-A4C9-6BFB178F747A}.Debug|x64.ActiveCfg = Debug|Any CPU
		{BFE0C1AE-7367-4C0B-A4C9-6BFB178F747A}.Debug|x64.Build.0 = Debug|Any CPU
		{BFE0C1AE-7367-4C0B-A4C9-6BFB178F747A}.Debug|x86.ActiveCfg = Debug|Any CPU
		{BFE0C1AE-7367-4C0B-A4C9-6BFB178F747A}.Debug|x86.Build.0 = Debug|Any CPU
		{BFE0C1AE-7367-4C0B-A4C9-6BFB178F747A}.Release|Any CPU.ActiveCfg = Release|Any CPU
		{BFE0C1AE-7367-4C0B-A4C9-6BFB178F747A}.Release|Any CPU.Build.0 = Release|Any CPU
		{BFE0C1AE-7367-4C0B-A4C9-6BFB178F747A}.Release|x64.ActiveCfg = Release|Any CPU
		{BFE0C1AE-7367-4C0B-A4C9-6BFB178F747A}.Release|x64.Build.0 = Release|Any CPU
		{BFE0C1AE-7367-4C0B-A4C9-6BFB178F747A}.Release|x86.ActiveCfg = Release|Any CPU
		{BFE0C1AE-7367-4C0B-A4C9-6BFB178F747A}.Release|x86.Build.0 = Release|Any CPU
		{6C2B7DDF-BB67-4AAD-9177-FD171C45AA69}.Debug|Any CPU.ActiveCfg = Debug|Any CPU
		{6C2B7DDF-BB67-4AAD-9177-FD171C45AA69}.Debug|Any CPU.Build.0 = Debug|Any CPU
		{6C2B7DDF-BB67-4AAD-9177-FD171C45AA69}.Debug|x64.ActiveCfg = Debug|Any CPU
		{6C2B7DDF-BB67-4AAD-9177-FD171C45AA69}.Debug|x64.Build.0 = Debug|Any CPU
		{6C2B7DDF-BB67-4AAD-9177-FD171C45AA69}.Debug|x86.ActiveCfg = Debug|Any CPU
		{6C2B7DDF-BB67-4AAD-9177-FD171C45AA69}.Debug|x86.Build.0 = Debug|Any CPU
		{6C2B7DDF-BB67-4AAD-9177-FD171C45AA69}.Release|Any CPU.ActiveCfg = Release|Any CPU
		{6C2B7DDF-BB67-4AAD-9177-FD171C45AA69}.Release|Any CPU.Build.0 = Release|Any CPU
		{6C2B7DDF-BB67-4AAD-9177-FD171C45AA69}.Release|x64.ActiveCfg = Release|Any CPU
		{6C2B7DDF-BB67-4AAD-9177-FD171C45AA69}.Release|x64.Build.0 = Release|Any CPU
		{6C2B7DDF-BB67-4AAD-9177-FD171C45AA69}.Release|x86.ActiveCfg = Release|Any CPU
		{6C2B7DDF-BB67-4AAD-9177-FD171C45AA69}.Release|x86.Build.0 = Release|Any CPU
		{7DB1B8F2-0341-4164-A813-6459B30802B3}.Debug|Any CPU.ActiveCfg = Debug|Any CPU
		{7DB1B8F2-0341-4164-A813-6459B30802B3}.Debug|Any CPU.Build.0 = Debug|Any CPU
		{7DB1B8F2-0341-4164-A813-6459B30802B3}.Debug|x64.ActiveCfg = Debug|Any CPU
		{7DB1B8F2-0341-4164-A813-6459B30802B3}.Debug|x64.Build.0 = Debug|Any CPU
		{7DB1B8F2-0341-4164-A813-6459B30802B3}.Debug|x86.ActiveCfg = Debug|Any CPU
		{7DB1B8F2-0341-4164-A813-6459B30802B3}.Debug|x86.Build.0 = Debug|Any CPU
		{7DB1B8F2-0341-4164-A813-6459B30802B3}.Release|Any CPU.ActiveCfg = Release|Any CPU
		{7DB1B8F2-0341-4164-A813-6459B30802B3}.Release|Any CPU.Build.0 = Release|Any CPU
		{7DB1B8F2-0341-4164-A813-6459B30802B3}.Release|x64.ActiveCfg = Release|Any CPU
		{7DB1B8F2-0341-4164-A813-6459B30802B3}.Release|x64.Build.0 = Release|Any CPU
		{7DB1B8F2-0341-4164-A813-6459B30802B3}.Release|x86.ActiveCfg = Release|Any CPU
		{7DB1B8F2-0341-4164-A813-6459B30802B3}.Release|x86.Build.0 = Release|Any CPU
		{DAC9A123-33B8-4CCF-903E-4F094A528F5E}.Debug|Any CPU.ActiveCfg = Debug|Any CPU
		{DAC9A123-33B8-4CCF-903E-4F094A528F5E}.Debug|Any CPU.Build.0 = Debug|Any CPU
		{DAC9A123-33B8-4CCF-903E-4F094A528F5E}.Debug|x64.ActiveCfg = Debug|Any CPU
		{DAC9A123-33B8-4CCF-903E-4F094A528F5E}.Debug|x64.Build.0 = Debug|Any CPU
		{DAC9A123-33B8-4CCF-903E-4F094A528F5E}.Debug|x86.ActiveCfg = Debug|Any CPU
		{DAC9A123-33B8-4CCF-903E-4F094A528F5E}.Debug|x86.Build.0 = Debug|Any CPU
		{DAC9A123-33B8-4CCF-903E-4F094A528F5E}.Release|Any CPU.ActiveCfg = Release|Any CPU
		{DAC9A123-33B8-4CCF-903E-4F094A528F5E}.Release|Any CPU.Build.0 = Release|Any CPU
		{DAC9A123-33B8-4CCF-903E-4F094A528F5E}.Release|x64.ActiveCfg = Release|Any CPU
		{DAC9A123-33B8-4CCF-903E-4F094A528F5E}.Release|x64.Build.0 = Release|Any CPU
		{DAC9A123-33B8-4CCF-903E-4F094A528F5E}.Release|x86.ActiveCfg = Release|Any CPU
		{DAC9A123-33B8-4CCF-903E-4F094A528F5E}.Release|x86.Build.0 = Release|Any CPU
		{585F2B57-B4F4-4FBC-BE2D-A392ABC962D4}.Debug|Any CPU.ActiveCfg = Debug|Any CPU
		{585F2B57-B4F4-4FBC-BE2D-A392ABC962D4}.Debug|Any CPU.Build.0 = Debug|Any CPU
		{585F2B57-B4F4-4FBC-BE2D-A392ABC962D4}.Debug|x64.ActiveCfg = Debug|Any CPU
		{585F2B57-B4F4-4FBC-BE2D-A392ABC962D4}.Debug|x64.Build.0 = Debug|Any CPU
		{585F2B57-B4F4-4FBC-BE2D-A392ABC962D4}.Debug|x86.ActiveCfg = Debug|Any CPU
		{585F2B57-B4F4-4FBC-BE2D-A392ABC962D4}.Debug|x86.Build.0 = Debug|Any CPU
		{585F2B57-B4F4-4FBC-BE2D-A392ABC962D4}.Release|Any CPU.ActiveCfg = Release|Any CPU
		{585F2B57-B4F4-4FBC-BE2D-A392ABC962D4}.Release|Any CPU.Build.0 = Release|Any CPU
		{585F2B57-B4F4-4FBC-BE2D-A392ABC962D4}.Release|x64.ActiveCfg = Release|Any CPU
		{585F2B57-B4F4-4FBC-BE2D-A392ABC962D4}.Release|x64.Build.0 = Release|Any CPU
		{585F2B57-B4F4-4FBC-BE2D-A392ABC962D4}.Release|x86.ActiveCfg = Release|Any CPU
		{585F2B57-B4F4-4FBC-BE2D-A392ABC962D4}.Release|x86.Build.0 = Release|Any CPU
		{12C226CC-DE43-4C19-B605-6D3F6CE553C4}.Debug|Any CPU.ActiveCfg = Debug|Any CPU
		{12C226CC-DE43-4C19-B605-6D3F6CE553C4}.Debug|Any CPU.Build.0 = Debug|Any CPU
		{12C226CC-DE43-4C19-B605-6D3F6CE553C4}.Debug|x64.ActiveCfg = Debug|Any CPU
		{12C226CC-DE43-4C19-B605-6D3F6CE553C4}.Debug|x64.Build.0 = Debug|Any CPU
		{12C226CC-DE43-4C19-B605-6D3F6CE553C4}.Debug|x86.ActiveCfg = Debug|Any CPU
		{12C226CC-DE43-4C19-B605-6D3F6CE553C4}.Debug|x86.Build.0 = Debug|Any CPU
		{12C226CC-DE43-4C19-B605-6D3F6CE553C4}.Release|Any CPU.ActiveCfg = Release|Any CPU
		{12C226CC-DE43-4C19-B605-6D3F6CE553C4}.Release|Any CPU.Build.0 = Release|Any CPU
		{12C226CC-DE43-4C19-B605-6D3F6CE553C4}.Release|x64.ActiveCfg = Release|Any CPU
		{12C226CC-DE43-4C19-B605-6D3F6CE553C4}.Release|x64.Build.0 = Release|Any CPU
		{12C226CC-DE43-4C19-B605-6D3F6CE553C4}.Release|x86.ActiveCfg = Release|Any CPU
		{12C226CC-DE43-4C19-B605-6D3F6CE553C4}.Release|x86.Build.0 = Release|Any CPU
		{D0CAAAE2-84BA-469C-B9CA-77447FD95670}.Debug|Any CPU.ActiveCfg = Debug|Any CPU
		{D0CAAAE2-84BA-469C-B9CA-77447FD95670}.Debug|Any CPU.Build.0 = Debug|Any CPU
		{D0CAAAE2-84BA-469C-B9CA-77447FD95670}.Debug|x64.ActiveCfg = Debug|Any CPU
		{D0CAAAE2-84BA-469C-B9CA-77447FD95670}.Debug|x64.Build.0 = Debug|Any CPU
		{D0CAAAE2-84BA-469C-B9CA-77447FD95670}.Debug|x86.ActiveCfg = Debug|Any CPU
		{D0CAAAE2-84BA-469C-B9CA-77447FD95670}.Debug|x86.Build.0 = Debug|Any CPU
		{D0CAAAE2-84BA-469C-B9CA-77447FD95670}.Release|Any CPU.ActiveCfg = Release|Any CPU
		{D0CAAAE2-84BA-469C-B9CA-77447FD95670}.Release|Any CPU.Build.0 = Release|Any CPU
		{D0CAAAE2-84BA-469C-B9CA-77447FD95670}.Release|x64.ActiveCfg = Release|Any CPU
		{D0CAAAE2-84BA-469C-B9CA-77447FD95670}.Release|x64.Build.0 = Release|Any CPU
		{D0CAAAE2-84BA-469C-B9CA-77447FD95670}.Release|x86.ActiveCfg = Release|Any CPU
		{D0CAAAE2-84BA-469C-B9CA-77447FD95670}.Release|x86.Build.0 = Release|Any CPU
	EndGlobalSection
	GlobalSection(SolutionProperties) = preSolution
		HideSolutionNode = FALSE
	EndGlobalSection
	GlobalSection(NestedProjects) = preSolution
		{BFE0C1AE-7367-4C0B-A4C9-6BFB178F747A} = {827E0CD3-B72D-47B6-A68D-7590B98EB39B}
		{6C2B7DDF-BB67-4AAD-9177-FD171C45AA69} = {827E0CD3-B72D-47B6-A68D-7590B98EB39B}
		{7DB1B8F2-0341-4164-A813-6459B30802B3} = {827E0CD3-B72D-47B6-A68D-7590B98EB39B}
		{DAC9A123-33B8-4CCF-903E-4F094A528F5E} = {827E0CD3-B72D-47B6-A68D-7590B98EB39B}
		{585F2B57-B4F4-4FBC-BE2D-A392ABC962D4} = {0AB3BF05-4346-4AA6-1389-037BE0695223}
		{12C226CC-DE43-4C19-B605-6D3F6CE553C4} = {0AB3BF05-4346-4AA6-1389-037BE0695223}
		{D0CAAAE2-84BA-469C-B9CA-77447FD95670} = {827E0CD3-B72D-47B6-A68D-7590B98EB39B}
	EndGlobalSection
EndGlobal
